
Microsoft Visual Studio Solution File, Format Version 12.00
# Visual Studio 2013
VisualStudioVersion = 12.0.21005.1
MinimumVisualStudioVersion = 10.0.40219.1
Project("{8BC9CEB8-8B4A-11D0-8D11-00A0C91BC942}") = "Mumble_user_cout_machine", "Mumble_user_cout_machine\Mumble_user_cout_machine.vcxproj", "{54756138-A8B1-4691-A542-B6954B36893F}"
EndProject
Global
	GlobalSection(SolutionConfigurationPlatforms) = preSolution
		Debug|Win32 = Debug|Win32
		Release|Win32 = Release|Win32
	EndGlobalSection
	GlobalSection(ProjectConfigurationPlatforms) = postSolution
		{54756138-A8B1-4691-A542-B6954B36893F}.Debug|Win32.ActiveCfg = Debug|Win32
		{54756138-A8B1-4691-A542-B6954B36893F}.Debug|Win32.Build.0 = Debug|Win32
		{54756138-A8B1-4691-A542-B6954B36893F}.Release|Win32.ActiveCfg = Release|Win32
		{54756138-A8B1-4691-A542-B6954B36893F}.Release|Win32.Build.0 = Release|Win32
	EndGlobalSection
	GlobalSection(SolutionProperties) = preSolution
		HideSolutionNode = FALSE
	EndGlobalSection
EndGlobal
